
Microsoft Visual Studio Solution File, Format Version 12.00
# Visual Studio Version 17
VisualStudioVersion = 17.8.34511.84
MinimumVisualStudioVersion = 10.0.40219.1
Project("{FAE04EC0-301F-11D3-BF4B-00C04F79EFBC}") = "Cafe", "Cafe\Cafe.csproj", "{BCC0254A-F9B5-4D92-A31B-A00B0E0CBC19}"
EndProject
Global
	GlobalSection(SolutionConfigurationPlatforms) = preSolution
		Debug|Any CPU = Debug|Any CPU
		Release|Any CPU = Release|Any CPU
	EndGlobalSection
	GlobalSection(ProjectConfigurationPlatforms) = postSolution
		{BCC0254A-F9B5-4D92-A31B-A00B0E0CBC19}.Debug|Any CPU.ActiveCfg = Debug|Any CPU
		{BCC0254A-F9B5-4D92-A31B-A00B0E0CBC19}.Debug|Any CPU.Build.0 = Debug|Any CPU
		{BCC0254A-F9B5-4D92-A31B-A00B0E0CBC19}.Release|Any CPU.ActiveCfg = Release|Any CPU
		{BCC0254A-F9B5-4D92-A31B-A00B0E0CBC19}.Release|Any CPU.Build.0 = Release|Any CPU
	EndGlobalSection
	GlobalSection(SolutionProperties) = preSolution
		HideSolutionNode = FALSE
	EndGlobalSection
	GlobalSection(ExtensibilityGlobals) = postSolution
		SolutionGuid = {6FF519ED-9F64-40FF-AD73-34F9330A9557}
	EndGlobalSection
EndGlobal
